{
  "name": "telegram-cloudflare-checklist",
  "lockfileVersion": 3,
  "requires": true,
  "packages": {
    "": {
      "devDependencies": {
        "@cloudflare/workers-types": "^4.20260113.0"
      }
    },
    "node_modules/@cloudflare/workers-types": {
      "version": "4.20260113.0",
      "resolved": "https://registry.npmjs.org/@cloudflare/workers-types/-/workers-types-4.20260113.0.tgz",
      "integrity": "sha512-CS2tUdGn1EMAV5GoFYYUfsZ4vwwXiYxwrUiI8ZRkxrJGqkHNGily/5Zf+vt/wh1HSoiCIChNYiuLEoCA/XUybw==",
      "dev": true,
      "license": "MIT OR Apache-2.0"
    }
  }
}
